
Microsoft Visual Studio Solution File, Format Version 12.00
# Visual Studio 15
VisualStudioVersion = 15.0.28307.852
MinimumVisualStudioVersion = 10.0.40219.1
Project("{FAE04EC0-301F-11D3-BF4B-00C04F79EFBC}") = "LoanQuotesMOMClient", "LoanQuotesMOM\LoanQuotesMOMClient.csproj", "{5244DCF2-C3C1-4E83-8B2D-1754DD08870A}"
EndProject
Project("{FAE04EC0-301F-11D3-BF4B-00C04F79EFBC}") = "LoanQuotesMOMBank", "LoanQuotesMOMProducer\LoanQuotesMOMBank.csproj", "{7308F0B8-23CD-41F6-A252-8CC70859B983}"
EndProject
Global
	GlobalSection(SolutionConfigurationPlatforms) = preSolution
		Debug|Any CPU = Debug|Any CPU
		Release|Any CPU = Release|Any CPU
	EndGlobalSection
	GlobalSection(ProjectConfigurationPlatforms) = postSolution
		{5244DCF2-C3C1-4E83-8B2D-1754DD08870A}.Debug|Any CPU.ActiveCfg = Debug|Any CPU
		{5244DCF2-C3C1-4E83-8B2D-1754DD08870A}.Debug|Any CPU.Build.0 = Debug|Any CPU
		{5244DCF2-C3C1-4E83-8B2D-1754DD08870A}.Release|Any CPU.ActiveCfg = Release|Any CPU
		{5244DCF2-C3C1-4E83-8B2D-1754DD08870A}.Release|Any CPU.Build.0 = Release|Any CPU
		{7308F0B8-23CD-41F6-A252-8CC70859B983}.Debug|Any CPU.ActiveCfg = Debug|Any CPU
		{7308F0B8-23CD-41F6-A252-8CC70859B983}.Debug|Any CPU.Build.0 = Debug|Any CPU
		{7308F0B8-23CD-41F6-A252-8CC70859B983}.Release|Any CPU.ActiveCfg = Release|Any CPU
		{7308F0B8-23CD-41F6-A252-8CC70859B983}.Release|Any CPU.Build.0 = Release|Any CPU
	EndGlobalSection
	GlobalSection(SolutionProperties) = preSolution
		HideSolutionNode = FALSE
	EndGlobalSection
	GlobalSection(ExtensibilityGlobals) = postSolution
		SolutionGuid = {FCE9F3F2-DE33-4872-BC77-0BFEE8B556F5}
	EndGlobalSection
EndGlobal
